
Microsoft Visual Studio Solution File, Format Version 12.00
# Visual Studio 15
VisualStudioVersion = 15.0.28307.1062
MinimumVisualStudioVersion = 10.0.40219.1
Project("{8BC9CEB8-8B4A-11D0-8D11-00A0C91BC942}") = "MATRICES", "MATRICES\MATRICES.vcxproj", "{54E7BF6A-D532-4691-8423-75191A771801}"
EndProject
Global
	GlobalSection(SolutionConfigurationPlatforms) = preSolution
		Debug|x64 = Debug|x64
		Debug|x86 = Debug|x86
		Release|x64 = Release|x64
		Release|x86 = Release|x86
	EndGlobalSection
	GlobalSection(ProjectConfigurationPlatforms) = postSolution
		{54E7BF6A-D532-4691-8423-75191A771801}.Debug|x64.ActiveCfg = Debug|x64
		{54E7BF6A-D532-4691-8423-75191A771801}.Debug|x64.Build.0 = Debug|x64
		{54E7BF6A-D532-4691-8423-75191A771801}.Debug|x86.ActiveCfg = Debug|Win32
		{54E7BF6A-D532-4691-8423-75191A771801}.Debug|x86.Build.0 = Debug|Win32
		{54E7BF6A-D532-4691-8423-75191A771801}.Release|x64.ActiveCfg = Release|x64
		{54E7BF6A-D532-4691-8423-75191A771801}.Release|x64.Build.0 = Release|x64
		{54E7BF6A-D532-4691-8423-75191A771801}.Release|x86.ActiveCfg = Release|Win32
		{54E7BF6A-D532-4691-8423-75191A771801}.Release|x86.Build.0 = Release|Win32
	EndGlobalSection
	GlobalSection(SolutionProperties) = preSolution
		HideSolutionNode = FALSE
	EndGlobalSection
	GlobalSection(ExtensibilityGlobals) = postSolution
		SolutionGuid = {817A77B0-76A5-4C58-9927-517294015D63}
	EndGlobalSection
EndGlobal
